// !$*UTF8*$!
{
	archiveVersion = 1;
	classes = {
	};
	objectVersion = 55;
	objects = {

/* Begin PBXBuildFile section */
		A80866552850E4050065F0D6 /* AppDelegate.swift in Sources */ = {isa = PBXBuildFile; fileRef = A80866542850E4050065F0D6 /* AppDelegate.swift */; };
		A80866572850E4050065F0D6 /* SceneDelegate.swift in Sources */ = {isa = PBXBuildFile; fileRef = A80866562850E4050065F0D6 /* SceneDelegate.swift */; };
		A808665C2850E4050065F0D6 /* Main.storyboard in Resources */ = {isa = PBXBuildFile; fileRef = A808665A2850E4050065F0D6 /* Main.storyboard */; };
		A808665F2850E4050065F0D6 /* WeatherApp.xcdatamodeld in Sources */ = {isa = PBXBuildFile; fileRef = A808665D2850E4050065F0D6 /* WeatherApp.xcdatamodeld */; };
		A80866612850E4070065F0D6 /* Assets.xcassets in Resources */ = {isa = PBXBuildFile; fileRef = A80866602850E4070065F0D6 /* Assets.xcassets */; };
		A80866642850E4070065F0D6 /* LaunchScreen.storyboard in Resources */ = {isa = PBXBuildFile; fileRef = A80866622850E4070065F0D6 /* LaunchScreen.storyboard */; };
		A80866712850E5270065F0D6 /* ViewModel.swift in Sources */ = {isa = PBXBuildFile; fileRef = A80866702850E5270065F0D6 /* ViewModel.swift */; };
		A80866792850E58A0065F0D6 /* ViewViewController.swift in Sources */ = {isa = PBXBuildFile; fileRef = A80866772850E58A0065F0D6 /* ViewViewController.swift */; };
		A808667A2850E58A0065F0D6 /* ViewViewController.xib in Resources */ = {isa = PBXBuildFile; fileRef = A80866782850E58A0065F0D6 /* ViewViewController.xib */; };
		A808667C2850E6490065F0D6 /* Network.swift in Sources */ = {isa = PBXBuildFile; fileRef = A808667B2850E6490065F0D6 /* Network.swift */; };
		A808667E2850EA540065F0D6 /* WeatherModel.swift in Sources */ = {isa = PBXBuildFile; fileRef = A808667D2850EA540065F0D6 /* WeatherModel.swift */; };
		A80866832850EF470065F0D6 /* WeatherCell.swift in Sources */ = {isa = PBXBuildFile; fileRef = A80866812850EF470065F0D6 /* WeatherCell.swift */; };
		A80866842850EF470065F0D6 /* WeatherCell.xib in Resources */ = {isa = PBXBuildFile; fileRef = A80866822850EF470065F0D6 /* WeatherCell.xib */; };
		A80866862850F1520065F0D6 /* Sections.swift in Sources */ = {isa = PBXBuildFile; fileRef = A80866852850F1520065F0D6 /* Sections.swift */; };
		A80866882850F1C40065F0D6 /* DataModel.swift in Sources */ = {isa = PBXBuildFile; fileRef = A80866872850F1C40065F0D6 /* DataModel.swift */; };
		A808668C2850FE410065F0D6 /* ForecastForDayCell.swift in Sources */ = {isa = PBXBuildFile; fileRef = A808668A2850FE410065F0D6 /* ForecastForDayCell.swift */; };
		A808668D2850FE410065F0D6 /* ForecastForDayCell.xib in Resources */ = {isa = PBXBuildFile; fileRef = A808668B2850FE410065F0D6 /* ForecastForDayCell.xib */; };
		A808669128510F060065F0D6 /* WeeklyForecastCell.swift in Sources */ = {isa = PBXBuildFile; fileRef = A808668F28510F060065F0D6 /* WeeklyForecastCell.swift */; };
		A808669228510F060065F0D6 /* WeeklyForecastCell.xib in Resources */ = {isa = PBXBuildFile; fileRef = A808669028510F060065F0D6 /* WeeklyForecastCell.xib */; };
		A8EA6AB9285351DE00D1CB69 /* Extension+UIView.swift in Sources */ = {isa = PBXBuildFile; fileRef = A8EA6AB8285351DE00D1CB69 /* Extension+UIView.swift */; };
		A8EA6ABC2853534E00D1CB69 /* DecoderData.swift in Sources */ = {isa = PBXBuildFile; fileRef = A8EA6ABB2853534E00D1CB69 /* DecoderData.swift */; };
		A8F772EA2851E5C60015821D /* Box.swift in Sources */ = {isa = PBXBuildFile; fileRef = A8F772E92851E5C60015821D /* Box.swift */; };
		A8F772EC2851E7A90015821D /* DateService.swift in Sources */ = {isa = PBXBuildFile; fileRef = A8F772EB2851E7A90015821D /* DateService.swift */; };
		A8F772EF2851EA6E0015821D /* WeatherTransformer.swift in Sources */ = {isa = PBXBuildFile; fileRef = A8F772EE2851EA6E0015821D /* WeatherTransformer.swift */; };
		A8F772F12851ED560015821D /* WeatherHandler.swift in Sources */ = {isa = PBXBuildFile; fileRef = A8F772F02851ED560015821D /* WeatherHandler.swift */; };
		A8F772F428524EE70015821D /* SectionBGView.swift in Sources */ = {isa = PBXBuildFile; fileRef = A8F772F328524EE70015821D /* SectionBGView.swift */; };
		A8F772FA28525A140015821D /* StickyHeaderView.swift in Sources */ = {isa = PBXBuildFile; fileRef = A8F772F928525A140015821D /* StickyHeaderView.swift */; };
		A8F772FC28525CB90015821D /* StickyHeaderView.xib in Resources */ = {isa = PBXBuildFile; fileRef = A8F772FB28525CB80015821D /* StickyHeaderView.xib */; };
/* End PBXBuildFile section */

/* Begin PBXFileReference section */
		A80866512850E4050065F0D6 /* WeatherApp.app */ = {isa = PBXFileReference; explicitFileType = wrapper.application; includeInIndex = 0; path = WeatherApp.app; sourceTree = BUILT_PRODUCTS_DIR; };
		A80866542850E4050065F0D6 /* AppDelegate.swift */ = {isa = PBXFileReference; lastKnownFileType = sourcecode.swift; path = AppDelegate.swift; sourceTree = "<group>"; };
		A80866562850E4050065F0D6 /* SceneDelegate.swift */ = {isa = PBXFileReference; lastKnownFileType = sourcecode.swift; path = SceneDelegate.swift; sourceTree = "<group>"; };
		A808665B2850E4050065F0D6 /* Base */ = {isa = PBXFileReference; lastKnownFileType = file.storyboard; name = Base; path = Base.lproj/Main.storyboard; sourceTree = "<group>"; };
		A808665E2850E4050065F0D6 /* WeatherApp.xcdatamodel */ = {isa = PBXFileReference; lastKnownFileType = wrapper.xcdatamodel; path = WeatherApp.xcdatamodel; sourceTree = "<group>"; };
		A80866602850E4070065F0D6 /* Assets.xcassets */ = {isa = PBXFileReference; lastKnownFileType = folder.assetcatalog; path = Assets.xcassets; sourceTree = "<group>"; };
		A80866632850E4070065F0D6 /* Base */ = {isa = PBXFileReference; lastKnownFileType = file.storyboard; name = Base; path = Base.lproj/LaunchScreen.storyboard; sourceTree = "<group>"; };
		A80866652850E4070065F0D6 /* Info.plist */ = {isa = PBXFileReference; lastKnownFileType = text.plist.xml; path = Info.plist; sourceTree = "<group>"; };
		A80866702850E5270065F0D6 /* ViewModel.swift */ = {isa = PBXFileReference; lastKnownFileType = sourcecode.swift; path = ViewModel.swift; sourceTree = "<group>"; };
		A80866772850E58A0065F0D6 /* ViewViewController.swift */ = {isa = PBXFileReference; lastKnownFileType = sourcecode.swift; path = ViewViewController.swift; sourceTree = "<group>"; };
		A80866782850E58A0065F0D6 /* ViewViewController.xib */ = {isa = PBXFileReference; lastKnownFileType = file.xib; path = ViewViewController.xib; sourceTree = "<group>"; };
		A808667B2850E6490065F0D6 /* Network.swift */ = {isa = PBXFileReference; lastKnownFileType = sourcecode.swift; path = Network.swift; sourceTree = "<group>"; };
		A808667D2850EA540065F0D6 /* WeatherModel.swift */ = {isa = PBXFileReference; lastKnownFileType = sourcecode.swift; path = WeatherModel.swift; sourceTree = "<group>"; };
		A80866812850EF470065F0D6 /* WeatherCell.swift */ = {isa = PBXFileReference; lastKnownFileType = sourcecode.swift; path = WeatherCell.swift; sourceTree = "<group>"; };
		A80866822850EF470065F0D6 /* WeatherCell.xib */ = {isa = PBXFileReference; lastKnownFileType = file.xib; path = WeatherCell.xib; sourceTree = "<group>"; };
		A80866852850F1520065F0D6 /* Sections.swift */ = {isa = PBXFileReference; lastKnownFileType = sourcecode.swift; path = Sections.swift; sourceTree = "<group>"; };
		A80866872850F1C40065F0D6 /* DataModel.swift */ = {isa = PBXFileReference; lastKnownFileType = sourcecode.swift; path = DataModel.swift; sourceTree = "<group>"; };
		A808668A2850FE410065F0D6 /* ForecastForDayCell.swift */ = {isa = PBXFileReference; lastKnownFileType = sourcecode.swift; path = ForecastForDayCell.swift; sourceTree = "<group>"; };
		A808668B2850FE410065F0D6 /* ForecastForDayCell.xib */ = {isa = PBXFileReference; lastKnownFileType = file.xib; path = ForecastForDayCell.xib; sourceTree = "<group>"; };
		A808668F28510F060065F0D6 /* WeeklyForecastCell.swift */ = {isa = PBXFileReference; lastKnownFileType = sourcecode.swift; path = WeeklyForecastCell.swift; sourceTree = "<group>"; };
		A808669028510F060065F0D6 /* WeeklyForecastCell.xib */ = {isa = PBXFileReference; lastKnownFileType = file.xib; path = WeeklyForecastCell.xib; sourceTree = "<group>"; };
		A8EA6AB8285351DE00D1CB69 /* Extension+UIView.swift */ = {isa = PBXFileReference; lastKnownFileType = sourcecode.swift; path = "Extension+UIView.swift"; sourceTree = "<group>"; };
		A8EA6ABB2853534E00D1CB69 /* DecoderData.swift */ = {isa = PBXFileReference; lastKnownFileType = sourcecode.swift; path = DecoderData.swift; sourceTree = "<group>"; };
		A8F772E92851E5C60015821D /* Box.swift */ = {isa = PBXFileReference; lastKnownFileType = sourcecode.swift; path = Box.swift; sourceTree = "<group>"; };
		A8F772EB2851E7A90015821D /* DateService.swift */ = {isa = PBXFileReference; lastKnownFileType = sourcecode.swift; path = DateService.swift; sourceTree = "<group>"; };
		A8F772EE2851EA6E0015821D /* WeatherTransformer.swift */ = {isa = PBXFileReference; lastKnownFileType = sourcecode.swift; path = WeatherTransformer.swift; sourceTree = "<group>"; };
		A8F772F02851ED560015821D /* WeatherHandler.swift */ = {isa = PBXFileReference; lastKnownFileType = sourcecode.swift; path = WeatherHandler.swift; sourceTree = "<group>"; };
		A8F772F328524EE70015821D /* SectionBGView.swift */ = {isa = PBXFileReference; lastKnownFileType = sourcecode.swift; path = SectionBGView.swift; sourceTree = "<group>"; };
		A8F772F928525A140015821D /* StickyHeaderView.swift */ = {isa = PBXFileReference; lastKnownFileType = sourcecode.swift; path = StickyHeaderView.swift; sourceTree = "<group>"; };
		A8F772FB28525CB80015821D /* StickyHeaderView.xib */ = {isa = PBXFileReference; lastKnownFileType = file.xib; path = StickyHeaderView.xib; sourceTree = "<group>"; };
/* End PBXFileReference section */

/* Begin PBXFrameworksBuildPhase section */
		A808664E2850E4050065F0D6 /* Frameworks */ = {
			isa = PBXFrameworksBuildPhase;
			buildActionMask = 2147483647;
			files = (
			);
			runOnlyForDeploymentPostprocessing = 0;
		};
/* End PBXFrameworksBuildPhase section */

/* Begin PBXGroup section */
		A80866482850E4050065F0D6 = {
			isa = PBXGroup;
			children = (
				A80866532850E4050065F0D6 /* WeatherApp */,
				A80866522850E4050065F0D6 /* Products */,
			);
			sourceTree = "<group>";
		};
		A80866522850E4050065F0D6 /* Products */ = {
			isa = PBXGroup;
			children = (
				A80866512850E4050065F0D6 /* WeatherApp.app */,
			);
			name = Products;
			sourceTree = "<group>";
		};
		A80866532850E4050065F0D6 /* WeatherApp */ = {
			isa = PBXGroup;
			children = (
				A808666B2850E41C0065F0D6 /* Model */,
				A80866722850E5340065F0D6 /* View */,
				A808666C2850E4250065F0D6 /* ViewModel */,
				A8F772ED2851EA600015821D /* CoreData */,
				A808666E2850E4530065F0D6 /* Services */,
				A8EA6AB7285351CF00D1CB69 /* Extensions */,
				A808666F2850E4880065F0D6 /* AppDelegate */,
				A808666D2850E4330065F0D6 /* Storyboard */,
				A80866602850E4070065F0D6 /* Assets.xcassets */,
				A80866622850E4070065F0D6 /* LaunchScreen.storyboard */,
				A80866652850E4070065F0D6 /* Info.plist */,
				A808665D2850E4050065F0D6 /* WeatherApp.xcdatamodeld */,
			);
			path = WeatherApp;
			sourceTree = "<group>";
		};
		A808666B2850E41C0065F0D6 /* Model */ = {
			isa = PBXGroup;
			children = (
				A808667D2850EA540065F0D6 /* WeatherModel.swift */,
				A80866852850F1520065F0D6 /* Sections.swift */,
				A80866872850F1C40065F0D6 /* DataModel.swift */,
				A8F772E92851E5C60015821D /* Box.swift */,
			);
			path = Model;
			sourceTree = "<group>";
		};
		A808666C2850E4250065F0D6 /* ViewModel */ = {
			isa = PBXGroup;
			children = (
				A80866702850E5270065F0D6 /* ViewModel.swift */,
			);
			path = ViewModel;
			sourceTree = "<group>";
		};
		A808666D2850E4330065F0D6 /* Storyboard */ = {
			isa = PBXGroup;
			children = (
				A808665A2850E4050065F0D6 /* Main.storyboard */,
			);
			path = Storyboard;
			sourceTree = "<group>";
		};
		A808666E2850E4530065F0D6 /* Services */ = {
			isa = PBXGroup;
			children = (
				A808667B2850E6490065F0D6 /* Network.swift */,
				A8F772EB2851E7A90015821D /* DateService.swift */,
				A8EA6ABB2853534E00D1CB69 /* DecoderData.swift */,
			);
			path = Services;
			sourceTree = "<group>";
		};
		A808666F2850E4880065F0D6 /* AppDelegate */ = {
			isa = PBXGroup;
			children = (
				A80866542850E4050065F0D6 /* AppDelegate.swift */,
				A80866562850E4050065F0D6 /* SceneDelegate.swift */,
			);
			path = AppDelegate;
			sourceTree = "<group>";
		};
		A80866722850E5340065F0D6 /* View */ = {
			isa = PBXGroup;
			children = (
				A8EA6ABA2853520600D1CB69 /* StickyHeaderView */,
				A8F772F228524ECE0015821D /* SectionBGView */,
				A808667F2850EF260065F0D6 /* Cell's */,
				A80866772850E58A0065F0D6 /* ViewViewController.swift */,
				A80866782850E58A0065F0D6 /* ViewViewController.xib */,
			);
			path = View;
			sourceTree = "<group>";
		};
		A808667F2850EF260065F0D6 /* Cell's */ = {
			isa = PBXGroup;
			children = (
				A808668E28510EED0065F0D6 /* WeeklyForecast */,
				A80866892850FE240065F0D6 /* ForecastForDay */,
				A80866802850EF320065F0D6 /* WeatherNow */,
			);
			path = "Cell's";
			sourceTree = "<group>";
		};
		A80866802850EF320065F0D6 /* WeatherNow */ = {
			isa = PBXGroup;
			children = (
				A80866812850EF470065F0D6 /* WeatherCell.swift */,
				A80866822850EF470065F0D6 /* WeatherCell.xib */,
			);
			path = WeatherNow;
			sourceTree = "<group>";
		};
		A80866892850FE240065F0D6 /* ForecastForDay */ = {
			isa = PBXGroup;
			children = (
				A808668A2850FE410065F0D6 /* ForecastForDayCell.swift */,
				A808668B2850FE410065F0D6 /* ForecastForDayCell.xib */,
			);
			path = ForecastForDay;
			sourceTree = "<group>";
		};
		A808668E28510EED0065F0D6 /* WeeklyForecast */ = {
			isa = PBXGroup;
			children = (
				A808668F28510F060065F0D6 /* WeeklyForecastCell.swift */,
				A808669028510F060065F0D6 /* WeeklyForecastCell.xib */,
			);
			path = WeeklyForecast;
			sourceTree = "<group>";
		};
		A8EA6AB7285351CF00D1CB69 /* Extensions */ = {
			isa = PBXGroup;
			children = (
				A8EA6AB8285351DE00D1CB69 /* Extension+UIView.swift */,
			);
			path = Extensions;
			sourceTree = "<group>";
		};
		A8EA6ABA2853520600D1CB69 /* StickyHeaderView */ = {
			isa = PBXGroup;
			children = (
				A8F772F928525A140015821D /* StickyHeaderView.swift */,
				A8F772FB28525CB80015821D /* StickyHeaderView.xib */,
			);
			path = StickyHeaderView;
			sourceTree = "<group>";
		};
		A8F772ED2851EA600015821D /* CoreData */ = {
			isa = PBXGroup;
			children = (
				A8F772EE2851EA6E0015821D /* WeatherTransformer.swift */,
				A8F772F02851ED560015821D /* WeatherHandler.swift */,
			);
			path = CoreData;
			sourceTree = "<group>";
		};
		A8F772F228524ECE0015821D /* SectionBGView */ = {
			isa = PBXGroup;
			children = (
				A8F772F328524EE70015821D /* SectionBGView.swift */,
			);
			path = SectionBGView;
			sourceTree = "<group>";
		};
/* End PBXGroup section */

/* Begin PBXNativeTarget section */
		A80866502850E4050065F0D6 /* WeatherApp */ = {
			isa = PBXNativeTarget;
			buildConfigurationList = A80866682850E4070065F0D6 /* Build configuration list for PBXNativeTarget "WeatherApp" */;
			buildPhases = (
				A808664D2850E4050065F0D6 /* Sources */,
				A808664E2850E4050065F0D6 /* Frameworks */,
				A808664F2850E4050065F0D6 /* Resources */,
			);
			buildRules = (
			);
			dependencies = (
			);
			name = WeatherApp;
			productName = WeatherApp;
			productReference = A80866512850E4050065F0D6 /* WeatherApp.app */;
			productType = "com.apple.product-type.application";
		};
/* End PBXNativeTarget section */

/* Begin PBXProject section */
		A80866492850E4050065F0D6 /* Project object */ = {
			isa = PBXProject;
			attributes = {
				BuildIndependentTargetsInParallel = 1;
				LastSwiftUpdateCheck = 1340;
				LastUpgradeCheck = 1340;
				TargetAttributes = {
					A80866502850E4050065F0D6 = {
						CreatedOnToolsVersion = 13.4;
					};
				};
			};
			buildConfigurationList = A808664C2850E4050065F0D6 /* Build configuration list for PBXProject "WeatherApp" */;
			compatibilityVersion = "Xcode 13.0";
			developmentRegion = en;
			hasScannedForEncodings = 0;
			knownRegions = (
				en,
				Base,
			);
			mainGroup = A80866482850E4050065F0D6;
			productRefGroup = A80866522850E4050065F0D6 /* Products */;
			projectDirPath = "";
			projectRoot = "";
			targets = (
				A80866502850E4050065F0D6 /* WeatherApp */,
			);
		};
/* End PBXProject section */

/* Begin PBXResourcesBuildPhase section */
		A808664F2850E4050065F0D6 /* Resources */ = {
			isa = PBXResourcesBuildPhase;
			buildActionMask = 2147483647;
			files = (
				A80866642850E4070065F0D6 /* LaunchScreen.storyboard in Resources */,
				A8F772FC28525CB90015821D /* StickyHeaderView.xib in Resources */,
				A80866612850E4070065F0D6 /* Assets.xcassets in Resources */,
				A808665C2850E4050065F0D6 /* Main.storyboard in Resources */,
				A808667A2850E58A0065F0D6 /* ViewViewController.xib in Resources */,
				A808669228510F060065F0D6 /* WeeklyForecastCell.xib in Resources */,
				A80866842850EF470065F0D6 /* WeatherCell.xib in Resources */,
				A808668D2850FE410065F0D6 /* ForecastForDayCell.xib in Resources */,
			);
			runOnlyForDeploymentPostprocessing = 0;
		};
/* End PBXResourcesBuildPhase section */

/* Begin PBXSourcesBuildPhase section */
		A808664D2850E4050065F0D6 /* Sources */ = {
			isa = PBXSourcesBuildPhase;
			buildActionMask = 2147483647;
			files = (
				A8EA6ABC2853534E00D1CB69 /* DecoderData.swift in Sources */,
				A808665F2850E4050065F0D6 /* WeatherApp.xcdatamodeld in Sources */,
				A80866552850E4050065F0D6 /* AppDelegate.swift in Sources */,
				A808667C2850E6490065F0D6 /* Network.swift in Sources */,
				A808667E2850EA540065F0D6 /* WeatherModel.swift in Sources */,
				A8F772FA28525A140015821D /* StickyHeaderView.swift in Sources */,
				A80866792850E58A0065F0D6 /* ViewViewController.swift in Sources */,
				A8F772EF2851EA6E0015821D /* WeatherTransformer.swift in Sources */,
				A8F772EC2851E7A90015821D /* DateService.swift in Sources */,
				A80866882850F1C40065F0D6 /* DataModel.swift in Sources */,
				A8F772EA2851E5C60015821D /* Box.swift in Sources */,
				A80866712850E5270065F0D6 /* ViewModel.swift in Sources */,
				A80866832850EF470065F0D6 /* WeatherCell.swift in Sources */,
				A808668C2850FE410065F0D6 /* ForecastForDayCell.swift in Sources */,
				A80866862850F1520065F0D6 /* Sections.swift in Sources */,
				A8EA6AB9285351DE00D1CB69 /* Extension+UIView.swift in Sources */,
				A8F772F12851ED560015821D /* WeatherHandler.swift in Sources */,
				A80866572850E4050065F0D6 /* SceneDelegate.swift in Sources */,
				A808669128510F060065F0D6 /* WeeklyForecastCell.swift in Sources */,
				A8F772F428524EE70015821D /* SectionBGView.swift in Sources */,
			);
			runOnlyForDeploymentPostprocessing = 0;
		};
/* End PBXSourcesBuildPhase section */

/* Begin PBXVariantGroup section */
		A808665A2850E4050065F0D6 /* Main.storyboard */ = {
			isa = PBXVariantGroup;
			children = (
				A808665B2850E4050065F0D6 /* Base */,
			);
			name = Main.storyboard;
			sourceTree = "<group>";
		};
		A80866622850E4070065F0D6 /* LaunchScreen.storyboard */ = {
			isa = PBXVariantGroup;
			children = (
				A80866632850E4070065F0D6 /* Base */,
			);
			name = LaunchScreen.storyboard;
			sourceTree = "<group>";
		};
/* End PBXVariantGroup section */

/* Begin XCBuildConfiguration section */
		A80866662850E4070065F0D6 /* Debug */ = {
			isa = XCBuildConfiguration;
			buildSettings = {
				ALWAYS_SEARCH_USER_PATHS = NO;
				CLANG_ANALYZER_NONNULL = YES;
				CLANG_ANALYZER_NUMBER_OBJECT_CONVERSION = YES_AGGRESSIVE;
				CLANG_CXX_LANGUAGE_STANDARD = "gnu++17";
				CLANG_ENABLE_MODULES = YES;
				CLANG_ENABLE_OBJC_ARC = YES;
				CLANG_ENABLE_OBJC_WEAK = YES;
				CLANG_WARN_BLOCK_CAPTURE_AUTORELEASING = YES;
				CLANG_WARN_BOOL_CONVERSION = YES;
				CLANG_WARN_COMMA = YES;
				CLANG_WARN_CONSTANT_CONVERSION = YES;
				CLANG_WARN_DEPRECATED_OBJC_IMPLEMENTATIONS = YES;
				CLANG_WARN_DIRECT_OBJC_ISA_USAGE = YES_ERROR;
				CLANG_WARN_DOCUMENTATION_COMMENTS = YES;
				CLANG_WARN_EMPTY_BODY = YES;
				CLANG_WARN_ENUM_CONVERSION = YES;
				CLANG_WARN_INFINITE_RECURSION = YES;
				CLANG_WARN_INT_CONVERSION = YES;
				CLANG_WARN_NON_LITERAL_NULL_CONVERSION = YES;
				CLANG_WARN_OBJC_IMPLICIT_RETAIN_SELF = YES;
				CLANG_WARN_OBJC_LITERAL_CONVERSION = YES;
				CLANG_WARN_OBJC_ROOT_CLASS = YES_ERROR;
				CLANG_WARN_QUOTED_INCLUDE_IN_FRAMEWORK_HEADER = YES;
				CLANG_WARN_RANGE_LOOP_ANALYSIS = YES;
				CLANG_WARN_STRICT_PROTOTYPES = YES;
				CLANG_WARN_SUSPICIOUS_MOVE = YES;
				CLANG_WARN_UNGUARDED_AVAILABILITY = YES_AGGRESSIVE;
				CLANG_WARN_UNREACHABLE_CODE = YES;
				CLANG_WARN__DUPLICATE_METHOD_MATCH = YES;
				COPY_PHASE_STRIP = NO;
				DEBUG_INFORMATION_FORMAT = dwarf;
				ENABLE_STRICT_OBJC_MSGSEND = YES;
				ENABLE_TESTABILITY = YES;
				GCC_C_LANGUAGE_STANDARD = gnu11;
				GCC_DYNAMIC_NO_PIC = NO;
				GCC_NO_COMMON_BLOCKS = YES;
				GCC_OPTIMIZATION_LEVEL = 0;
				GCC_PREPROCESSOR_DEFINITIONS = (
					"DEBUG=1",
					"$(inherited)",
				);
				GCC_WARN_64_TO_32_BIT_CONVERSION = YES;
				GCC_WARN_ABOUT_RETURN_TYPE = YES_ERROR;
				GCC_WARN_UNDECLARED_SELECTOR = YES;
				GCC_WARN_UNINITIALIZED_AUTOS = YES_AGGRESSIVE;
				GCC_WARN_UNUSED_FUNCTION = YES;
				GCC_WARN_UNUSED_VARIABLE = YES;
				IPHONEOS_DEPLOYMENT_TARGET = 15.5;
				MTL_ENABLE_DEBUG_INFO = INCLUDE_SOURCE;
				MTL_FAST_MATH = YES;
				ONLY_ACTIVE_ARCH = YES;
				SDKROOT = iphoneos;
				SWIFT_ACTIVE_COMPILATION_CONDITIONS = DEBUG;
				SWIFT_OPTIMIZATION_LEVEL = "-Onone";
			};
			name = Debug;
		};
		A80866672850E4070065F0D6 /* Release */ = {
			isa = XCBuildConfiguration;
			buildSettings = {
				ALWAYS_SEARCH_USER_PATHS = NO;
				CLANG_ANALYZER_NONNULL = YES;
				CLANG_ANALYZER_NUMBER_OBJECT_CONVERSION = YES_AGGRESSIVE;
				CLANG_CXX_LANGUAGE_STANDARD = "gnu++17";
				CLANG_ENABLE_MODULES = YES;
				CLANG_ENABLE_OBJC_ARC = YES;
				CLANG_ENABLE_OBJC_WEAK = YES;
				CLANG_WARN_BLOCK_CAPTURE_AUTORELEASING = YES;
				CLANG_WARN_BOOL_CONVERSION = YES;
				CLANG_WARN_COMMA = YES;
				CLANG_WARN_CONSTANT_CONVERSION = YES;
				CLANG_WARN_DEPRECATED_OBJC_IMPLEMENTATIONS = YES;
				CLANG_WARN_DIRECT_OBJC_ISA_USAGE = YES_ERROR;
				CLANG_WARN_DOCUMENTATION_COMMENTS = YES;
				CLANG_WARN_EMPTY_BODY = YES;
				CLANG_WARN_ENUM_CONVERSION = YES;
				CLANG_WARN_INFINITE_RECURSION = YES;
				CLANG_WARN_INT_CONVERSION = YES;
				CLANG_WARN_NON_LITERAL_NULL_CONVERSION = YES;
				CLANG_WARN_OBJC_IMPLICIT_RETAIN_SELF = YES;
				CLANG_WARN_OBJC_LITERAL_CONVERSION = YES;
				CLANG_WARN_OBJC_ROOT_CLASS = YES_ERROR;
				CLANG_WARN_QUOTED_INCLUDE_IN_FRAMEWORK_HEADER = YES;
				CLANG_WARN_RANGE_LOOP_ANALYSIS = YES;
				CLANG_WARN_STRICT_PROTOTYPES = YES;
				CLANG_WARN_SUSPICIOUS_MOVE = YES;
				CLANG_WARN_UNGUARDED_AVAILABILITY = YES_AGGRESSIVE;
				CLANG_WARN_UNREACHABLE_CODE = YES;
				CLANG_WARN__DUPLICATE_METHOD_MATCH = YES;
				COPY_PHASE_STRIP = NO;
				DEBUG_INFORMATION_FORMAT = "dwarf-with-dsym";
				ENABLE_NS_ASSERTIONS = NO;
				ENABLE_STRICT_OBJC_MSGSEND = YES;
				GCC_C_LANGUAGE_STANDARD = gnu11;
				GCC_NO_COMMON_BLOCKS = YES;
				GCC_WARN_64_TO_32_BIT_CONVERSION = YES;
				GCC_WARN_ABOUT_RETURN_TYPE = YES_ERROR;
				GCC_WARN_UNDECLARED_SELECTOR = YES;
				GCC_WARN_UNINITIALIZED_AUTOS = YES_AGGRESSIVE;
				GCC_WARN_UNUSED_FUNCTION = YES;
				GCC_WARN_UNUSED_VARIABLE = YES;
				IPHONEOS_DEPLOYMENT_TARGET = 15.5;
				MTL_ENABLE_DEBUG_INFO = NO;
				MTL_FAST_MATH = YES;
				SDKROOT = iphoneos;
				SWIFT_COMPILATION_MODE = wholemodule;
				SWIFT_OPTIMIZATION_LEVEL = "-O";
				VALIDATE_PRODUCT = YES;
			};
			name = Release;
		};
		A80866692850E4070065F0D6 /* Debug */ = {
			isa = XCBuildConfiguration;
			buildSettings = {
				ASSETCATALOG_COMPILER_APPICON_NAME = AppIcon;
				ASSETCATALOG_COMPILER_GLOBAL_ACCENT_COLOR_NAME = AccentColor;
				CODE_SIGN_STYLE = Automatic;
				CURRENT_PROJECT_VERSION = 1;
				DEVELOPMENT_TEAM = X5SYDV9Z7U;
				GENERATE_INFOPLIST_FILE = YES;
				INFOPLIST_FILE = WeatherApp/Info.plist;
				INFOPLIST_KEY_UIApplicationSupportsIndirectInputEvents = YES;
				INFOPLIST_KEY_UILaunchStoryboardName = LaunchScreen;
				INFOPLIST_KEY_UIMainStoryboardFile = Main;
				INFOPLIST_KEY_UISupportedInterfaceOrientations_iPad = "UIInterfaceOrientationPortrait UIInterfaceOrientationPortraitUpsideDown UIInterfaceOrientationLandscapeLeft UIInterfaceOrientationLandscapeRight";
				INFOPLIST_KEY_UISupportedInterfaceOrientations_iPhone = "UIInterfaceOrientationPortrait UIInterfaceOrientationLandscapeLeft UIInterfaceOrientationLandscapeRight";
				LD_RUNPATH_SEARCH_PATHS = (
					"$(inherited)",
					"@executable_path/Frameworks",
				);
				MARKETING_VERSION = 1.0;
				PRODUCT_BUNDLE_IDENTIFIER = alex.company.WeatherApp;
				PRODUCT_NAME = "$(TARGET_NAME)";
				SWIFT_EMIT_LOC_STRINGS = YES;
				SWIFT_VERSION = 5.0;
				TARGETED_DEVICE_FAMILY = "1,2";
			};
			name = Debug;
		};
		A808666A2850E4070065F0D6 /* Release */ = {
			isa = XCBuildConfiguration;
			buildSettings = {
				ASSETCATALOG_COMPILER_APPICON_NAME = AppIcon;
				ASSETCATALOG_COMPILER_GLOBAL_ACCENT_COLOR_NAME = AccentColor;
				CODE_SIGN_STYLE = Automatic;
				CURRENT_PROJECT_VERSION = 1;
				DEVELOPMENT_TEAM = X5SYDV9Z7U;
				GENERATE_INFOPLIST_FILE = YES;
				INFOPLIST_FILE = WeatherApp/Info.plist;
				INFOPLIST_KEY_UIApplicationSupportsIndirectInputEvents = YES;
				INFOPLIST_KEY_UILaunchStoryboardName = LaunchScreen;
				INFOPLIST_KEY_UIMainStoryboardFile = Main;
				INFOPLIST_KEY_UISupportedInterfaceOrientations_iPad = "UIInterfaceOrientationPortrait UIInterfaceOrientationPortraitUpsideDown UIInterfaceOrientationLandscapeLeft UIInterfaceOrientationLandscapeRight";
				INFOPLIST_KEY_UISupportedInterfaceOrientations_iPhone = "UIInterfaceOrientationPortrait UIInterfaceOrientationLandscapeLeft UIInterfaceOrientationLandscapeRight";
				LD_RUNPATH_SEARCH_PATHS = (
					"$(inherited)",
					"@executable_path/Frameworks",
				);
				MARKETING_VERSION = 1.0;
				PRODUCT_BUNDLE_IDENTIFIER = alex.company.WeatherApp;
				PRODUCT_NAME = "$(TARGET_NAME)";
				SWIFT_EMIT_LOC_STRINGS = YES;
				SWIFT_VERSION = 5.0;
				TARGETED_DEVICE_FAMILY = "1,2";
			};
			name = Release;
		};
/* End XCBuildConfiguration section */

/* Begin XCConfigurationList section */
		A808664C2850E4050065F0D6 /* Build configuration list for PBXProject "WeatherApp" */ = {
			isa = XCConfigurationList;
			buildConfigurations = (
				A80866662850E4070065F0D6 /* Debug */,
				A80866672850E4070065F0D6 /* Release */,
			);
			defaultConfigurationIsVisible = 0;
			defaultConfigurationName = Release;
		};
		A80866682850E4070065F0D6 /* Build configuration list for PBXNativeTarget "WeatherApp" */ = {
			isa = XCConfigurationList;
			buildConfigurations = (
				A80866692850E4070065F0D6 /* Debug */,
				A808666A2850E4070065F0D6 /* Release */,
			);
			defaultConfigurationIsVisible = 0;
			defaultConfigurationName = Release;
		};
/* End XCConfigurationList section */

/* Begin XCVersionGroup section */
		A808665D2850E4050065F0D6 /* WeatherApp.xcdatamodeld */ = {
			isa = XCVersionGroup;
			children = (
				A808665E2850E4050065F0D6 /* WeatherApp.xcdatamodel */,
			);
			currentVersion = A808665E2850E4050065F0D6 /* WeatherApp.xcdatamodel */;
			path = WeatherApp.xcdatamodeld;
			sourceTree = "<group>";
			versionGroupType = wrapper.xcdatamodel;
		};
/* End XCVersionGroup section */
	};
	rootObject = A80866492850E4050065F0D6 /* Project object */;
}
